
Microsoft Visual Studio Solution File, Format Version 12.00
# Visual Studio Version 17
VisualStudioVersion = 17.8.34525.116
MinimumVisualStudioVersion = 10.0.40219.1
Project("{FAE04EC0-301F-11D3-BF4B-00C04F79EFBC}") = "Account", "Account.csproj", "{2C67E494-E1F0-442E-96D0-2E347C5A38AA}"
EndProject
Global
	GlobalSection(SolutionConfigurationPlatforms) = preSolution
		Debug|Any CPU = Debug|Any CPU
		Release|Any CPU = Release|Any CPU
	EndGlobalSection
	GlobalSection(ProjectConfigurationPlatforms) = postSolution
		{2C67E494-E1F0-442E-96D0-2E347C5A38AA}.Debug|Any CPU.ActiveCfg = Debug|Any CPU
		{2C67E494-E1F0-442E-96D0-2E347C5A38AA}.Debug|Any CPU.Build.0 = Debug|Any CPU
		{2C67E494-E1F0-442E-96D0-2E347C5A38AA}.Release|Any CPU.ActiveCfg = Release|Any CPU
		{2C67E494-E1F0-442E-96D0-2E347C5A38AA}.Release|Any CPU.Build.0 = Release|Any CPU
	EndGlobalSection
	GlobalSection(SolutionProperties) = preSolution
		HideSolutionNode = FALSE
	EndGlobalSection
	GlobalSection(ExtensibilityGlobals) = postSolution
		SolutionGuid = {6E972043-3DEA-4B6B-A696-49594F71C6BA}
	EndGlobalSection
EndGlobal
